github.com/Newt6611/apollo v0.0.0-20240812075722-297e700108fd h1:l9KqlbmRFvqfW1Zpjz/hJz62iDS8lYufRMdHZ0AJnBE=
github.com/Newt6611/apollo v0.0.0-20240812075722-297e700108fd/go.mod h1:svre5GIuGAHdg+wdP0316aD/EW1s3/T9/TjMOdHalA0=
github.com/Newt6611/apollo v0.0.0-20240812170532-f38969b26d57 h1:ti/G3YbVjxKx6W/9+qgyzfCCO7O7KVgTQsZ1vco7nME=
github.com/Newt6611/apollo v0.0.0-20240812170532-f38969b26d57/go.mod h1:svre5GIuGAHdg+wdP0316aD/EW1s3/T9/TjMOdHalA0=
github.com/Salvionied/apollo v1.0.13-0.20240726082518-39ab0154f8e3 h1:KlAYX9u8c4C5XY2y565j7lZL3URn1voc22mD1n1Kn+U=
github.com/Salvionied/apollo v1.0.13-0.20240726082518-39ab0154f8e3/go.mod h1:BLs3iWs5ovGcVqFvpuX3g0RmLB9QIYMwFgzcN9rhkGA=
github.com/Salvionied/cbor/v2 v2.6.0 h1:OEwlZLiodLdNeM9wFoSydLvj6/rHRaxu5G8VzwXSeuY=
github.com/Salvionied/cbor/v2 v2.6.0/go.mod h1:oFxaUo/mQ5sG1k459nzctGdYa80jy0ZqZ9pln9C/fGw=
github.com/blinklabs-io/gouroboros v0.91.1 h1:LUfBRMr7Zq8t4She6mQkpEngX1VCOvN6EsxuvW5hKAk=
github.com/blinklabs-io/gouroboros v0.91.1/go.mod h1:HM4aERbLAF2ACev2ZoY17eVeL+nWXb7urqFlkvQ3uyk=
github.com/blockfrost/blockfrost-go v0.2.2 h1:Odzw4BC46M5Fsxoj1fM48YbQkrGjQZqex692k54AadU=
github.com/blockfrost/blockfrost-go v0.2.2/go.mod h1:XdD+mryM/Rd/MqW1MfSQ0+Xfu2YnOGuwqMpLQa0jHvM=
github.com/davecgh/go-spew v1.1.1/go.mod h1:J7Y8YcW2NihsgmVo/mv3lAwl/skON4iLHjSsI+c5H38=
github.com/fxamacker/cbor/v2 v2.7.0 h1:iM5WgngdRBanHcxugY4JySA0nk1wZorNOpTgCMedv5E=
github.com/fxamacker/cbor/v2 v2.7.0/go.mod h1:pxXPTn3joSm21Gbwsv0w9OSA2y1HFR9qXEeXQVeNoDQ=
github.com/hashicorp/go-cleanhttp v0.5.2 h1:035FKYIWjmULyFRBKPs8TBQoi0x6d9G4xc9neXJWAZQ=
github.com/hashicorp/go-cleanhttp v0.5.2/go.mod h1:kO/YDlP8L1346E6Sodw+PrpBSV4/SoxCXGY6BqNFT48=
github.com/hashicorp/go-hclog v0.9.2 h1:CG6TE5H9/JXsFWJCfoIVpKFIkFe6ysEuHirp4DxCsHI=
github.com/hashicorp/go-hclog v0.9.2/go.mod h1:5CU+agLiy3J7N7QjHK5d05KxGsuXiQLrjA0H7acj2lQ=
github.com/hashicorp/go-retryablehttp v0.7.5 h1:bJj+Pj19UZMIweq/iie+1u5YCdGrnxCT9yvm0e+Nd5M=
github.com/hashicorp/go-retryablehttp v0.7.5/go.mod h1:Jy/gPYAdjqffZ/yFGCFV2doI5wjtH1ewM9u8iYVjtX8=
github.com/jinzhu/copier v0.4.0 h1:w3ciUoD19shMCRargcpm0cm91ytaBhDvuRpz1ODO/U8=
github.com/jinzhu/copier v0.4.0/go.mod h1:DfbEm0FYsaqBcKcFuvmOZb218JkPGtvSHsKg8S8hyyg=
github.com/maestro-org/go-sdk v1.1.3 h1:ORkeu1NXesRkdW7Pr5N956GojCibmGMdjXuO5jNAOZk=
github.com/maestro-org/go-sdk v1.1.3/go.mod h1:EYaRwFT8nkwFzZsN6xK256j+r7ASUUn9p44RlaqYjE8=
github.com/pmezard/go-difflib v1.0.0/go.mod h1:iKH77koFhYxTK1pcRnkKkqfTogsbg7gZNVY4sRDYZ/4=
github.com/stretchr/testify v1.2.2/go.mod h1:a8OnRcib4nhh0OaRAV+Yts87kKdq0PP7pXfy6kDkUVs=
github.com/tyler-smith/go-bip39 v1.1.0 h1:5eUemwrMargf3BSLRRCalXT93Ns6pQJIjYQN2nyfOP8=
github.com/tyler-smith/go-bip39 v1.1.0/go.mod h1:gUYDtqQw1JS3ZJ8UWVcGTGqqr6YIN3CWg+kkNaLt55U=
github.com/x448/float16 v0.8.4 h1:qLwI1I70+NjRFUR3zs1JPUCgaCXSh3SW62uAKT1mSBM=
github.com/x448/float16 v0.8.4/go.mod h1:14CWIYCyZA/cWjXOioeEpHeN/83MdbZDRQHoFcYsOfg=
golang.org/x/crypto v0.0.0-20190308221718-c2843e01d9a2/go.mod h1:djNgcEr1/C05ACkg1iLfiJU5Ep61QUkGW8qpdssI0+w=
golang.org/x/crypto v0.0.0-20200622213623-75b288015ac9/go.mod h1:LzIPMQfyMNhhGPhUkYOs5KpL4U8rLKemX1yGLhDgUto=
golang.org/x/crypto v0.25.0 h1:ypSNr+bnYL2YhwoMt2zPxHFmbAN1KZs/njMG3hxUp30=
golang.org/x/crypto v0.25.0/go.mod h1:T+wALwcMOSE0kXgUAnPAHqTLW+XHgcELELW8VaDgm/M=
golang.org/x/exp v0.0.0-20230522175609-2e198f4a06a1 h1:k/i9J1pBpvlfR+9QsetwPyERsqu1GIbi967PQMq3Ivc=
golang.org/x/exp v0.0.0-20230522175609-2e198f4a06a1/go.mod h1:V1LtkGg67GoY2N1AnLN78QLrzxkLyJw7RJb1gzOOz9w=
golang.org/x/net v0.0.0-20190404232315-eb5bcb51f2a3/go.mod h1:t9HGtf8HONx5eT2rtn7q6eTqICYqUVnKs3thJo3Qplg=
golang.org/x/sys v0.0.0-20190215142949-d0b11bdaac8a/go.mod h1:STP8DvDyc/dI5b8T5hshtkjS+E42TnysNCUPdjciGhY=
golang.org/x/sys v0.0.0-20190412213103-97732733099d/go.mod h1:h1NjWce9XRLGQEsW7wpKNCjG9DtNlClVuFLEZdDNbEs=
golang.org/x/sys v0.22.0 h1:RI27ohtqKCnwULzJLqkv897zojh5/DwS/ENaMzUOaWI=
golang.org/x/sys v0.22.0/go.mod h1:/VUhepiaJMQUp4+oa/7Zr1D23ma6VTLIYjOOTFZPUcA=
golang.org/x/text v0.3.0/go.mod h1:NqM8EUOU14njkJ3fqMW+pc6Ldnwhi/IjpwHt7yyuwOQ=
golang.org/x/text v0.16.0 h1:a94ExnEXNtEwYLGJSIUxnWoxoRz/ZcCsV63ROupILh4=
golang.org/x/text v0.16.0/go.mod h1:GhwF1Be+LQoKShO3cGOHzqOgRrGaYc9AvblQOmPVHnI=
